
Microsoft Visual Studio Solution File, Format Version 12.00
# Visual Studio 2012
Project("{FAE04EC0-301F-11D3-BF4B-00C04F79EFBC}") = "PyramidPlunder", "PyramidPlunder\PyramidPlunder\PyramidPlunder.csproj", "{6957B8C3-299A-4AE2-AA7A-4B2CD0D06BD8}"
EndProject
Project("{96E2B04D-8817-42C6-938A-82C39BA4D311}") = "PyramidPlunderContent", "PyramidPlunder\PyramidPlunderContent\PyramidPlunderContent.contentproj", "{6D64989C-3580-4832-8012-D3FCB3BAADD2}"
EndProject
Global
	GlobalSection(SolutionConfigurationPlatforms) = preSolution
		Debug|x86 = Debug|x86
		Release|x86 = Release|x86
	EndGlobalSection
	GlobalSection(ProjectConfigurationPlatforms) = postSolution
		{6957B8C3-299A-4AE2-AA7A-4B2CD0D06BD8}.Debug|x86.ActiveCfg = Debug|x86
		{6957B8C3-299A-4AE2-AA7A-4B2CD0D06BD8}.Debug|x86.Build.0 = Debug|x86
		{6957B8C3-299A-4AE2-AA7A-4B2CD0D06BD8}.Release|x86.ActiveCfg = Release|x86
		{6957B8C3-299A-4AE2-AA7A-4B2CD0D06BD8}.Release|x86.Build.0 = Release|x86
		{6D64989C-3580-4832-8012-D3FCB3BAADD2}.Debug|x86.ActiveCfg = Debug|x86
		{6D64989C-3580-4832-8012-D3FCB3BAADD2}.Release|x86.ActiveCfg = Release|x86
	EndGlobalSection
	GlobalSection(SolutionProperties) = preSolution
		HideSolutionNode = FALSE
	EndGlobalSection
EndGlobal
